// !$*UTF8*$!
{
	archiveVersion = 1;
	classes = {
	};
	objectVersion = 50;
	objects = {

/* Begin PBXBuildFile section */
		B9DE3F8A26B19F2100897587 /* AppDelegate.swift in Sources */ = {isa = PBXBuildFile; fileRef = B9DE3F8926B19F2100897587 /* AppDelegate.swift */; };
		B9DE3F8C26B19F2100897587 /* SceneDelegate.swift in Sources */ = {isa = PBXBuildFile; fileRef = B9DE3F8B26B19F2100897587 /* SceneDelegate.swift */; };
		B9DE3F8E26B19F2100897587 /* ViewController.swift in Sources */ = {isa = PBXBuildFile; fileRef = B9DE3F8D26B19F2100897587 /* ViewController.swift */; };
		B9DE3F9126B19F2100897587 /* Main.storyboard in Resources */ = {isa = PBXBuildFile; fileRef = B9DE3F8F26B19F2100897587 /* Main.storyboard */; };
		B9DE3F9426B19F2100897587 /* StoryBoardIntro.xcdatamodeld in Sources */ = {isa = PBXBuildFile; fileRef = B9DE3F9226B19F2100897587 /* StoryBoardIntro.xcdatamodeld */; };
		B9DE3F9626B19F2600897587 /* Assets.xcassets in Resources */ = {isa = PBXBuildFile; fileRef = B9DE3F9526B19F2600897587 /* Assets.xcassets */; };
		B9DE3F9926B19F2600897587 /* LaunchScreen.storyboard in Resources */ = {isa = PBXBuildFile; fileRef = B9DE3F9726B19F2600897587 /* LaunchScreen.storyboard */; };
		B9DE3FA426B19F2600897587 /* StoryBoardIntroTests.swift in Sources */ = {isa = PBXBuildFile; fileRef = B9DE3FA326B19F2600897587 /* StoryBoardIntroTests.swift */; };
		B9DE3FAF26B19F2700897587 /* StoryBoardIntroUITests.swift in Sources */ = {isa = PBXBuildFile; fileRef = B9DE3FAE26B19F2700897587 /* StoryBoardIntroUITests.swift */; };
/* End PBXBuildFile section */

/* Begin PBXContainerItemProxy section */
		B9DE3FA026B19F2600897587 /* PBXContainerItemProxy */ = {
			isa = PBXContainerItemProxy;
			containerPortal = B9DE3F7E26B19F2000897587 /* Project object */;
			proxyType = 1;
			remoteGlobalIDString = B9DE3F8526B19F2100897587;
			remoteInfo = StoryBoardIntro;
		};
		B9DE3FAB26B19F2700897587 /* PBXContainerItemProxy */ = {
			isa = PBXContainerItemProxy;
			containerPortal = B9DE3F7E26B19F2000897587 /* Project object */;
			proxyType = 1;
			remoteGlobalIDString = B9DE3F8526B19F2100897587;
			remoteInfo = StoryBoardIntro;
		};
/* End PBXContainerItemProxy section */

/* Begin PBXFileReference section */
		B9DE3F8626B19F2100897587 /* StoryBoardIntro.app */ = {isa = PBXFileReference; explicitFileType = wrapper.application; includeInIndex = 0; path = StoryBoardIntro.app; sourceTree = BUILT_PRODUCTS_DIR; };
		B9DE3F8926B19F2100897587 /* AppDelegate.swift */ = {isa = PBXFileReference; lastKnownFileType = sourcecode.swift; path = AppDelegate.swift; sourceTree = "<group>"; };
		B9DE3F8B26B19F2100897587 /* SceneDelegate.swift */ = {isa = PBXFileReference; lastKnownFileType = sourcecode.swift; path = SceneDelegate.swift; sourceTree = "<group>"; };
		B9DE3F8D26B19F2100897587 /* ViewController.swift */ = {isa = PBXFileReference; lastKnownFileType = sourcecode.swift; path = ViewController.swift; sourceTree = "<group>"; };
		B9DE3F9026B19F2100897587 /* Base */ = {isa = PBXFileReference; lastKnownFileType = file.storyboard; name = Base; path = Base.lproj/Main.storyboard; sourceTree = "<group>"; };
		B9DE3F9326B19F2100897587 /* StoryBoardIntro.xcdatamodel */ = {isa = PBXFileReference; lastKnownFileType = wrapper.xcdatamodel; path = StoryBoardIntro.xcdatamodel; sourceTree = "<group>"; };
		B9DE3F9526B19F2600897587 /* Assets.xcassets */ = {isa = PBXFileReference; lastKnownFileType = folder.assetcatalog; path = Assets.xcassets; sourceTree = "<group>"; };
		B9DE3F9826B19F2600897587 /* Base */ = {isa = PBXFileReference; lastKnownFileType = file.storyboard; name = Base; path = Base.lproj/LaunchScreen.storyboard; sourceTree = "<group>"; };
		B9DE3F9A26B19F2600897587 /* Info.plist */ = {isa = PBXFileReference; lastKnownFileType = text.plist.xml; path = Info.plist; sourceTree = "<group>"; };
		B9DE3F9F26B19F2600897587 /* StoryBoardIntroTests.xctest */ = {isa = PBXFileReference; explicitFileType = wrapper.cfbundle; includeInIndex = 0; path = StoryBoardIntroTests.xctest; sourceTree = BUILT_PRODUCTS_DIR; };
		B9DE3FA326B19F2600897587 /* StoryBoardIntroTests.swift */ = {isa = PBXFileReference; lastKnownFileType = sourcecode.swift; path = StoryBoardIntroTests.swift; sourceTree = "<group>"; };
		B9DE3FA526B19F2700897587 /* Info.plist */ = {isa = PBXFileReference; lastKnownFileType = text.plist.xml; path = Info.plist; sourceTree = "<group>"; };
		B9DE3FAA26B19F2700897587 /* StoryBoardIntroUITests.xctest */ = {isa = PBXFileReference; explicitFileType = wrapper.cfbundle; includeInIndex = 0; path = StoryBoardIntroUITests.xctest; sourceTree = BUILT_PRODUCTS_DIR; };
		B9DE3FAE26B19F2700897587 /* StoryBoardIntroUITests.swift */ = {isa = PBXFileReference; lastKnownFileType = sourcecode.swift; path = StoryBoardIntroUITests.swift; sourceTree = "<group>"; };
		B9DE3FB026B19F2700897587 /* Info.plist */ = {isa = PBXFileReference; lastKnownFileType = text.plist.xml; path = Info.plist; sourceTree = "<group>"; };
/* End PBXFileReference section */

/* Begin PBXFrameworksBuildPhase section */
		B9DE3F8326B19F2100897587 /* Frameworks */ = {
			isa = PBXFrameworksBuildPhase;
			buildActionMask = 2147483647;
			files = (
			);
			runOnlyForDeploymentPostprocessing = 0;
		};
		B9DE3F9C26B19F2600897587 /* Frameworks */ = {
			isa = PBXFrameworksBuildPhase;
			buildActionMask = 2147483647;
			files = (
			);
			runOnlyForDeploymentPostprocessing = 0;
		};
		B9DE3FA726B19F2700897587 /* Frameworks */ = {
			isa = PBXFrameworksBuildPhase;
			buildActionMask = 2147483647;
			files = (
			);
			runOnlyForDeploymentPostprocessing = 0;
		};
/* End PBXFrameworksBuildPhase section */

/* Begin PBXGroup section */
		B9DE3F7D26B19F2000897587 = {
			isa = PBXGroup;
			children = (
				B9DE3F8826B19F2100897587 /* StoryBoardIntro */,
				B9DE3FA226B19F2600897587 /* StoryBoardIntroTests */,
				B9DE3FAD26B19F2700897587 /* StoryBoardIntroUITests */,
				B9DE3F8726B19F2100897587 /* Products */,
			);
			sourceTree = "<group>";
		};
		B9DE3F8726B19F2100897587 /* Products */ = {
			isa = PBXGroup;
			children = (
				B9DE3F8626B19F2100897587 /* StoryBoardIntro.app */,
				B9DE3F9F26B19F2600897587 /* StoryBoardIntroTests.xctest */,
				B9DE3FAA26B19F2700897587 /* StoryBoardIntroUITests.xctest */,
			);
			name = Products;
			sourceTree = "<group>";
		};
		B9DE3F8826B19F2100897587 /* StoryBoardIntro */ = {
			isa = PBXGroup;
			children = (
				B9DE3F8926B19F2100897587 /* AppDelegate.swift */,
				B9DE3F8B26B19F2100897587 /* SceneDelegate.swift */,
				B9DE3F8D26B19F2100897587 /* ViewController.swift */,
				B9DE3F8F26B19F2100897587 /* Main.storyboard */,
				B9DE3F9526B19F2600897587 /* Assets.xcassets */,
				B9DE3F9726B19F2600897587 /* LaunchScreen.storyboard */,
				B9DE3F9A26B19F2600897587 /* Info.plist */,
				B9DE3F9226B19F2100897587 /* StoryBoardIntro.xcdatamodeld */,
			);
			path = StoryBoardIntro;
			sourceTree = "<group>";
		};
		B9DE3FA226B19F2600897587 /* StoryBoardIntroTests */ = {
			isa = PBXGroup;
			children = (
				B9DE3FA326B19F2600897587 /* StoryBoardIntroTests.swift */,
				B9DE3FA526B19F2700897587 /* Info.plist */,
			);
			path = StoryBoardIntroTests;
			sourceTree = "<group>";
		};
		B9DE3FAD26B19F2700897587 /* StoryBoardIntroUITests */ = {
			isa = PBXGroup;
			children = (
				B9DE3FAE26B19F2700897587 /* StoryBoardIntroUITests.swift */,
				B9DE3FB026B19F2700897587 /* Info.plist */,
			);
			path = StoryBoardIntroUITests;
			sourceTree = "<group>";
		};
/* End PBXGroup section */

/* Begin PBXNativeTarget section */
		B9DE3F8526B19F2100897587 /* StoryBoardIntro */ = {
			isa = PBXNativeTarget;
			buildConfigurationList = B9DE3FB326B19F2700897587 /* Build configuration list for PBXNativeTarget "StoryBoardIntro" */;
			buildPhases = (
				B9DE3F8226B19F2100897587 /* Sources */,
				B9DE3F8326B19F2100897587 /* Frameworks */,
				B9DE3F8426B19F2100897587 /* Resources */,
			);
			buildRules = (
			);
			dependencies = (
			);
			name = StoryBoardIntro;
			productName = StoryBoardIntro;
			productReference = B9DE3F8626B19F2100897587 /* StoryBoardIntro.app */;
			productType = "com.apple.product-type.application";
		};
		B9DE3F9E26B19F2600897587 /* StoryBoardIntroTests */ = {
			isa = PBXNativeTarget;
			buildConfigurationList = B9DE3FB626B19F2700897587 /* Build configuration list for PBXNativeTarget "StoryBoardIntroTests" */;
			buildPhases = (
				B9DE3F9B26B19F2600897587 /* Sources */,
				B9DE3F9C26B19F2600897587 /* Frameworks */,
				B9DE3F9D26B19F2600897587 /* Resources */,
			);
			buildRules = (
			);
			dependencies = (
				B9DE3FA126B19F2600897587 /* PBXTargetDependency */,
			);
			name = StoryBoardIntroTests;
			productName = StoryBoardIntroTests;
			productReference = B9DE3F9F26B19F2600897587 /* StoryBoardIntroTests.xctest */;
			productType = "com.apple.product-type.bundle.unit-test";
		};
		B9DE3FA926B19F2700897587 /* StoryBoardIntroUITests */ = {
			isa = PBXNativeTarget;
			buildConfigurationList = B9DE3FB926B19F2700897587 /* Build configuration list for PBXNativeTarget "StoryBoardIntroUITests" */;
			buildPhases = (
				B9DE3FA626B19F2700897587 /* Sources */,
				B9DE3FA726B19F2700897587 /* Frameworks */,
				B9DE3FA826B19F2700897587 /* Resources */,
			);
			buildRules = (
			);
			dependencies = (
				B9DE3FAC26B19F2700897587 /* PBXTargetDependency */,
			);
			name = StoryBoardIntroUITests;
			productName = StoryBoardIntroUITests;
			productReference = B9DE3FAA26B19F2700897587 /* StoryBoardIntroUITests.xctest */;
			productType = "com.apple.product-type.bundle.ui-testing";
		};
/* End PBXNativeTarget section */

/* Begin PBXProject section */
		B9DE3F7E26B19F2000897587 /* Project object */ = {
			isa = PBXProject;
			attributes = {
				LastSwiftUpdateCheck = 1250;
				LastUpgradeCheck = 1250;
				TargetAttributes = {
					B9DE3F8526B19F2100897587 = {
						CreatedOnToolsVersion = 12.5.1;
					};
					B9DE3F9E26B19F2600897587 = {
						CreatedOnToolsVersion = 12.5.1;
						TestTargetID = B9DE3F8526B19F2100897587;
					};
					B9DE3FA926B19F2700897587 = {
						CreatedOnToolsVersion = 12.5.1;
						TestTargetID = B9DE3F8526B19F2100897587;
					};
				};
			};
			buildConfigurationList = B9DE3F8126B19F2000897587 /* Build configuration list for PBXProject "StoryBoardIntro" */;
			compatibilityVersion = "Xcode 9.3";
			developmentRegion = en;
			hasScannedForEncodings = 0;
			knownRegions = (
				en,
				Base,
			);
			mainGroup = B9DE3F7D26B19F2000897587;
			productRefGroup = B9DE3F8726B19F2100897587 /* Products */;
			projectDirPath = "";
			projectRoot = "";
			targets = (
				B9DE3F8526B19F2100897587 /* StoryBoardIntro */,
				B9DE3F9E26B19F2600897587 /* StoryBoardIntroTests */,
				B9DE3FA926B19F2700897587 /* StoryBoardIntroUITests */,
			);
		};
/* End PBXProject section */

/* Begin PBXResourcesBuildPhase section */
		B9DE3F8426B19F2100897587 /* Resources */ = {
			isa = PBXResourcesBuildPhase;
			buildActionMask = 2147483647;
			files = (
				B9DE3F9926B19F2600897587 /* LaunchScreen.storyboard in Resources */,
				B9DE3F9626B19F2600897587 /* Assets.xcassets in Resources */,
				B9DE3F9126B19F2100897587 /* Main.storyboard in Resources */,
			);
			runOnlyForDeploymentPostprocessing = 0;
		};
		B9DE3F9D26B19F2600897587 /* Resources */ = {
			isa = PBXResourcesBuildPhase;
			buildActionMask = 2147483647;
			files = (
			);
			runOnlyForDeploymentPostprocessing = 0;
		};
		B9DE3FA826B19F2700897587 /* Resources */ = {
			isa = PBXResourcesBuildPhase;
			buildActionMask = 2147483647;
			files = (
			);
			runOnlyForDeploymentPostprocessing = 0;
		};
/* End PBXResourcesBuildPhase section */

/* Begin PBXSourcesBuildPhase section */
		B9DE3F8226B19F2100897587 /* Sources */ = {
			isa = PBXSourcesBuildPhase;
			buildActionMask = 2147483647;
			files = (
				B9DE3F8E26B19F2100897587 /* ViewController.swift in Sources */,
				B9DE3F9426B19F2100897587 /* StoryBoardIntro.xcdatamodeld in Sources */,
				B9DE3F8A26B19F2100897587 /* AppDelegate.swift in Sources */,
				B9DE3F8C26B19F2100897587 /* SceneDelegate.swift in Sources */,
			);
			runOnlyForDeploymentPostprocessing = 0;
		};
		B9DE3F9B26B19F2600897587 /* Sources */ = {
			isa = PBXSourcesBuildPhase;
			buildActionMask = 2147483647;
			files = (
				B9DE3FA426B19F2600897587 /* StoryBoardIntroTests.swift in Sources */,
			);
			runOnlyForDeploymentPostprocessing = 0;
		};
		B9DE3FA626B19F2700897587 /* Sources */ = {
			isa = PBXSourcesBuildPhase;
			buildActionMask = 2147483647;
			files = (
				B9DE3FAF26B19F2700897587 /* StoryBoardIntroUITests.swift in Sources */,
			);
			runOnlyForDeploymentPostprocessing = 0;
		};
/* End PBXSourcesBuildPhase section */

/* Begin PBXTargetDependency section */
		B9DE3FA126B19F2600897587 /* PBXTargetDependency */ = {
			isa = PBXTargetDependency;
			target = B9DE3F8526B19F2100897587 /* StoryBoardIntro */;
			targetProxy = B9DE3FA026B19F2600897587 /* PBXContainerItemProxy */;
		};
		B9DE3FAC26B19F2700897587 /* PBXTargetDependency */ = {
			isa = PBXTargetDependency;
			target = B9DE3F8526B19F2100897587 /* StoryBoardIntro */;
			targetProxy = B9DE3FAB26B19F2700897587 /* PBXContainerItemProxy */;
		};
/* End PBXTargetDependency section */

/* Begin PBXVariantGroup section */
		B9DE3F8F26B19F2100897587 /* Main.storyboard */ = {
			isa = PBXVariantGroup;
			children = (
				B9DE3F9026B19F2100897587 /* Base */,
			);
			name = Main.storyboard;
			sourceTree = "<group>";
		};
		B9DE3F9726B19F2600897587 /* LaunchScreen.storyboard */ = {
			isa = PBXVariantGroup;
			children = (
				B9DE3F9826B19F2600897587 /* Base */,
			);
			name = LaunchScreen.storyboard;
			sourceTree = "<group>";
		};
/* End PBXVariantGroup section */

/* Begin XCBuildConfiguration section */
		B9DE3FB126B19F2700897587 /* Debug */ = {
			isa = XCBuildConfiguration;
			buildSettings = {
				ALWAYS_SEARCH_USER_PATHS = NO;
				CLANG_ANALYZER_NONNULL = YES;
				CLANG_ANALYZER_NUMBER_OBJECT_CONVERSION = YES_AGGRESSIVE;
				CLANG_CXX_LANGUAGE_STANDARD = "gnu++14";
				CLANG_CXX_LIBRARY = "libc++";
				CLANG_ENABLE_MODULES = YES;
				CLANG_ENABLE_OBJC_ARC = YES;
				CLANG_ENABLE_OBJC_WEAK = YES;
				CLANG_WARN_BLOCK_CAPTURE_AUTORELEASING = YES;
				CLANG_WARN_BOOL_CONVERSION = YES;
				CLANG_WARN_COMMA = YES;
				CLANG_WARN_CONSTANT_CONVERSION = YES;
				CLANG_WARN_DEPRECATED_OBJC_IMPLEMENTATIONS = YES;
				CLANG_WARN_DIRECT_OBJC_ISA_USAGE = YES_ERROR;
				CLANG_WARN_DOCUMENTATION_COMMENTS = YES;
				CLANG_WARN_EMPTY_BODY = YES;
				CLANG_WARN_ENUM_CONVERSION = YES;
				CLANG_WARN_INFINITE_RECURSION = YES;
				CLANG_WARN_INT_CONVERSION = YES;
				CLANG_WARN_NON_LITERAL_NULL_CONVERSION = YES;
				CLANG_WARN_OBJC_IMPLICIT_RETAIN_SELF = YES;
				CLANG_WARN_OBJC_LITERAL_CONVERSION = YES;
				CLANG_WARN_OBJC_ROOT_CLASS = YES_ERROR;
				CLANG_WARN_QUOTED_INCLUDE_IN_FRAMEWORK_HEADER = YES;
				CLANG_WARN_RANGE_LOOP_ANALYSIS = YES;
				CLANG_WARN_STRICT_PROTOTYPES = YES;
				CLANG_WARN_SUSPICIOUS_MOVE = YES;
				CLANG_WARN_UNGUARDED_AVAILABILITY = YES_AGGRESSIVE;
				CLANG_WARN_UNREACHABLE_CODE = YES;
				CLANG_WARN__DUPLICATE_METHOD_MATCH = YES;
				COPY_PHASE_STRIP = NO;
				DEBUG_INFORMATION_FORMAT = dwarf;
				ENABLE_STRICT_OBJC_MSGSEND = YES;
				ENABLE_TESTABILITY = YES;
				GCC_C_LANGUAGE_STANDARD = gnu11;
				GCC_DYNAMIC_NO_PIC = NO;
				GCC_NO_COMMON_BLOCKS = YES;
				GCC_OPTIMIZATION_LEVEL = 0;
				GCC_PREPROCESSOR_DEFINITIONS = (
					"DEBUG=1",
					"$(inherited)",
				);
				GCC_WARN_64_TO_32_BIT_CONVERSION = YES;
				GCC_WARN_ABOUT_RETURN_TYPE = YES_ERROR;
				GCC_WARN_UNDECLARED_SELECTOR = YES;
				GCC_WARN_UNINITIALIZED_AUTOS = YES_AGGRESSIVE;
				GCC_WARN_UNUSED_FUNCTION = YES;
				GCC_WARN_UNUSED_VARIABLE = YES;
				IPHONEOS_DEPLOYMENT_TARGET = 14.5;
				MTL_ENABLE_DEBUG_INFO = INCLUDE_SOURCE;
				MTL_FAST_MATH = YES;
				ONLY_ACTIVE_ARCH = YES;
				SDKROOT = iphoneos;
				SWIFT_ACTIVE_COMPILATION_CONDITIONS = DEBUG;
				SWIFT_OPTIMIZATION_LEVEL = "-Onone";
			};
			name = Debug;
		};
		B9DE3FB226B19F2700897587 /* Release */ = {
			isa = XCBuildConfiguration;
			buildSettings = {
				ALWAYS_SEARCH_USER_PATHS = NO;
				CLANG_ANALYZER_NONNULL = YES;
				CLANG_ANALYZER_NUMBER_OBJECT_CONVERSION = YES_AGGRESSIVE;
				CLANG_CXX_LANGUAGE_STANDARD = "gnu++14";
				CLANG_CXX_LIBRARY = "libc++";
				CLANG_ENABLE_MODULES = YES;
				CLANG_ENABLE_OBJC_ARC = YES;
				CLANG_ENABLE_OBJC_WEAK = YES;
				CLANG_WARN_BLOCK_CAPTURE_AUTORELEASING = YES;
				CLANG_WARN_BOOL_CONVERSION = YES;
				CLANG_WARN_COMMA = YES;
				CLANG_WARN_CONSTANT_CONVERSION = YES;
				CLANG_WARN_DEPRECATED_OBJC_IMPLEMENTATIONS = YES;
				CLANG_WARN_DIRECT_OBJC_ISA_USAGE = YES_ERROR;
				CLANG_WARN_DOCUMENTATION_COMMENTS = YES;
				CLANG_WARN_EMPTY_BODY = YES;
				CLANG_WARN_ENUM_CONVERSION = YES;
				CLANG_WARN_INFINITE_RECURSION = YES;
				CLANG_WARN_INT_CONVERSION = YES;
				CLANG_WARN_NON_LITERAL_NULL_CONVERSION = YES;
				CLANG_WARN_OBJC_IMPLICIT_RETAIN_SELF = YES;
				CLANG_WARN_OBJC_LITERAL_CONVERSION = YES;
				CLANG_WARN_OBJC_ROOT_CLASS = YES_ERROR;
				CLANG_WARN_QUOTED_INCLUDE_IN_FRAMEWORK_HEADER = YES;
				CLANG_WARN_RANGE_LOOP_ANALYSIS = YES;
				CLANG_WARN_STRICT_PROTOTYPES = YES;
				CLANG_WARN_SUSPICIOUS_MOVE = YES;
				CLANG_WARN_UNGUARDED_AVAILABILITY = YES_AGGRESSIVE;
				CLANG_WARN_UNREACHABLE_CODE = YES;
				CLANG_WARN__DUPLICATE_METHOD_MATCH = YES;
				COPY_PHASE_STRIP = NO;
				DEBUG_INFORMATION_FORMAT = "dwarf-with-dsym";
				ENABLE_NS_ASSERTIONS = NO;
				ENABLE_STRICT_OBJC_MSGSEND = YES;
				GCC_C_LANGUAGE_STANDARD = gnu11;
				GCC_NO_COMMON_BLOCKS = YES;
				GCC_WARN_64_TO_32_BIT_CONVERSION = YES;
				GCC_WARN_ABOUT_RETURN_TYPE = YES_ERROR;
				GCC_WARN_UNDECLARED_SELECTOR = YES;
				GCC_WARN_UNINITIALIZED_AUTOS = YES_AGGRESSIVE;
				GCC_WARN_UNUSED_FUNCTION = YES;
				GCC_WARN_UNUSED_VARIABLE = YES;
				IPHONEOS_DEPLOYMENT_TARGET = 14.5;
				MTL_ENABLE_DEBUG_INFO = NO;
				MTL_FAST_MATH = YES;
				SDKROOT = iphoneos;
				SWIFT_COMPILATION_MODE = wholemodule;
				SWIFT_OPTIMIZATION_LEVEL = "-O";
				VALIDATE_PRODUCT = YES;
			};
			name = Release;
		};
		B9DE3FB426B19F2700897587 /* Debug */ = {
			isa = XCBuildConfiguration;
			buildSettings = {
				ASSETCATALOG_COMPILER_APPICON_NAME = AppIcon;
				ASSETCATALOG_COMPILER_GLOBAL_ACCENT_COLOR_NAME = AccentColor;
				CODE_SIGN_STYLE = Automatic;
				INFOPLIST_FILE = StoryBoardIntro/Info.plist;
				LD_RUNPATH_SEARCH_PATHS = (
					"$(inherited)",
					"@executable_path/Frameworks",
				);
				PRODUCT_BUNDLE_IDENTIFIER = Test.StoryBoardIntro;
				PRODUCT_NAME = "$(TARGET_NAME)";
				SWIFT_VERSION = 5.0;
				TARGETED_DEVICE_FAMILY = "1,2";
			};
			name = Debug;
		};
		B9DE3FB526B19F2700897587 /* Release */ = {
			isa = XCBuildConfiguration;
			buildSettings = {
				ASSETCATALOG_COMPILER_APPICON_NAME = AppIcon;
				ASSETCATALOG_COMPILER_GLOBAL_ACCENT_COLOR_NAME = AccentColor;
				CODE_SIGN_STYLE = Automatic;
				INFOPLIST_FILE = StoryBoardIntro/Info.plist;
				LD_RUNPATH_SEARCH_PATHS = (
					"$(inherited)",
					"@executable_path/Frameworks",
				);
				PRODUCT_BUNDLE_IDENTIFIER = Test.StoryBoardIntro;
				PRODUCT_NAME = "$(TARGET_NAME)";
				SWIFT_VERSION = 5.0;
				TARGETED_DEVICE_FAMILY = "1,2";
			};
			name = Release;
		};
		B9DE3FB726B19F2700897587 /* Debug */ = {
			isa = XCBuildConfiguration;
			buildSettings = {
				ALWAYS_EMBED_SWIFT_STANDARD_LIBRARIES = YES;
				BUNDLE_LOADER = "$(TEST_HOST)";
				CODE_SIGN_STYLE = Automatic;
				INFOPLIST_FILE = StoryBoardIntroTests/Info.plist;
				IPHONEOS_DEPLOYMENT_TARGET = 14.5;
				LD_RUNPATH_SEARCH_PATHS = (
					"$(inherited)",
					"@executable_path/Frameworks",
					"@loader_path/Frameworks",
				);
				PRODUCT_BUNDLE_IDENTIFIER = Test.StoryBoardIntroTests;
				PRODUCT_NAME = "$(TARGET_NAME)";
				SWIFT_VERSION = 5.0;
				TARGETED_DEVICE_FAMILY = "1,2";
				TEST_HOST = "$(BUILT_PRODUCTS_DIR)/StoryBoardIntro.app/StoryBoardIntro";
			};
			name = Debug;
		};
		B9DE3FB826B19F2700897587 /* Release */ = {
			isa = XCBuildConfiguration;
			buildSettings = {
				ALWAYS_EMBED_SWIFT_STANDARD_LIBRARIES = YES;
				BUNDLE_LOADER = "$(TEST_HOST)";
				CODE_SIGN_STYLE = Automatic;
				INFOPLIST_FILE = StoryBoardIntroTests/Info.plist;
				IPHONEOS_DEPLOYMENT_TARGET = 14.5;
				LD_RUNPATH_SEARCH_PATHS = (
					"$(inherited)",
					"@executable_path/Frameworks",
					"@loader_path/Frameworks",
				);
				PRODUCT_BUNDLE_IDENTIFIER = Test.StoryBoardIntroTests;
				PRODUCT_NAME = "$(TARGET_NAME)";
				SWIFT_VERSION = 5.0;
				TARGETED_DEVICE_FAMILY = "1,2";
				TEST_HOST = "$(BUILT_PRODUCTS_DIR)/StoryBoardIntro.app/StoryBoardIntro";
			};
			name = Release;
		};
		B9DE3FBA26B19F2700897587 /* Debug */ = {
			isa = XCBuildConfiguration;
			buildSettings = {
				ALWAYS_EMBED_SWIFT_STANDARD_LIBRARIES = YES;
				CODE_SIGN_STYLE = Automatic;
				INFOPLIST_FILE = StoryBoardIntroUITests/Info.plist;
				LD_RUNPATH_SEARCH_PATHS = (
					"$(inherited)",
					"@executable_path/Frameworks",
					"@loader_path/Frameworks",
				);
				PRODUCT_BUNDLE_IDENTIFIER = Test.StoryBoardIntroUITests;
				PRODUCT_NAME = "$(TARGET_NAME)";
				SWIFT_VERSION = 5.0;
				TARGETED_DEVICE_FAMILY = "1,2";
				TEST_TARGET_NAME = StoryBoardIntro;
			};
			name = Debug;
		};
		B9DE3FBB26B19F2700897587 /* Release */ = {
			isa = XCBuildConfiguration;
			buildSettings = {
				ALWAYS_EMBED_SWIFT_STANDARD_LIBRARIES = YES;
				CODE_SIGN_STYLE = Automatic;
				INFOPLIST_FILE = StoryBoardIntroUITests/Info.plist;
				LD_RUNPATH_SEARCH_PATHS = (
					"$(inherited)",
					"@executable_path/Frameworks",
					"@loader_path/Frameworks",
				);
				PRODUCT_BUNDLE_IDENTIFIER = Test.StoryBoardIntroUITests;
				PRODUCT_NAME = "$(TARGET_NAME)";
				SWIFT_VERSION = 5.0;
				TARGETED_DEVICE_FAMILY = "1,2";
				TEST_TARGET_NAME = StoryBoardIntro;
			};
			name = Release;
		};
/* End XCBuildConfiguration section */

/* Begin XCConfigurationList section */
		B9DE3F8126B19F2000897587 /* Build configuration list for PBXProject "StoryBoardIntro" */ = {
			isa = XCConfigurationList;
			buildConfigurations = (
				B9DE3FB126B19F2700897587 /* Debug */,
				B9DE3FB226B19F2700897587 /* Release */,
			);
			defaultConfigurationIsVisible = 0;
			defaultConfigurationName = Release;
		};
		B9DE3FB326B19F2700897587 /* Build configuration list for PBXNativeTarget "StoryBoardIntro" */ = {
			isa = XCConfigurationList;
			buildConfigurations = (
				B9DE3FB426B19F2700897587 /* Debug */,
				B9DE3FB526B19F2700897587 /* Release */,
			);
			defaultConfigurationIsVisible = 0;
			defaultConfigurationName = Release;
		};
		B9DE3FB626B19F2700897587 /* Build configuration list for PBXNativeTarget "StoryBoardIntroTests" */ = {
			isa = XCConfigurationList;
			buildConfigurations = (
				B9DE3FB726B19F2700897587 /* Debug */,
				B9DE3FB826B19F2700897587 /* Release */,
			);
			defaultConfigurationIsVisible = 0;
			defaultConfigurationName = Release;
		};
		B9DE3FB926B19F2700897587 /* Build configuration list for PBXNativeTarget "StoryBoardIntroUITests" */ = {
			isa = XCConfigurationList;
			buildConfigurations = (
				B9DE3FBA26B19F2700897587 /* Debug */,
				B9DE3FBB26B19F2700897587 /* Release */,
			);
			defaultConfigurationIsVisible = 0;
			defaultConfigurationName = Release;
		};
/* End XCConfigurationList section */

/* Begin XCVersionGroup section */
		B9DE3F9226B19F2100897587 /* StoryBoardIntro.xcdatamodeld */ = {
			isa = XCVersionGroup;
			children = (
				B9DE3F9326B19F2100897587 /* StoryBoardIntro.xcdatamodel */,
			);
			currentVersion = B9DE3F9326B19F2100897587 /* StoryBoardIntro.xcdatamodel */;
			path = StoryBoardIntro.xcdatamodeld;
			sourceTree = "<group>";
			versionGroupType = wrapper.xcdatamodel;
		};
/* End XCVersionGroup section */
	};
	rootObject = B9DE3F7E26B19F2000897587 /* Project object */;
}
